
Microsoft Visual Studio Solution File, Format Version 12.00
# Visual Studio 15
VisualStudioVersion = 15.0.28010.2003
MinimumVisualStudioVersion = 10.0.40219.1
Project("{FAE04EC0-301F-11D3-BF4B-00C04F79EFBC}") = "App1.Android", "App1\App1.Android\App1.Android.csproj", "{1AF05B5A-F32A-4202-B013-C3C902CB26E2}"
EndProject
Project("{FAE04EC0-301F-11D3-BF4B-00C04F79EFBC}") = "App1.iOS", "App1\App1.iOS\App1.iOS.csproj", "{1DE9BC2F-19B9-4701-BB76-576C7A91574D}"
EndProject
Project("{FAE04EC0-301F-11D3-BF4B-00C04F79EFBC}") = "App1", "App1\App1\App1.csproj", "{6EC5CE6B-1882-4FB9-8AF3-E2A4E44C5AE1}"
EndProject
Global
	GlobalSection(SolutionConfigurationPlatforms) = preSolution
		Ad-Hoc|Any CPU = Ad-Hoc|Any CPU
		Ad-Hoc|iPhone = Ad-Hoc|iPhone
		Ad-Hoc|iPhoneSimulator = Ad-Hoc|iPhoneSimulator
		AppStore|Any CPU = AppStore|Any CPU
		AppStore|iPhone = AppStore|iPhone
		AppStore|iPhoneSimulator = AppStore|iPhoneSimulator
		Debug|Any CPU = Debug|Any CPU
		Debug|iPhone = Debug|iPhone
		Debug|iPhoneSimulator = Debug|iPhoneSimulator
		Release|Any CPU = Release|Any CPU
		Release|iPhone = Release|iPhone
		Release|iPhoneSimulator = Release|iPhoneSimulator
	EndGlobalSection
	GlobalSection(ProjectConfigurationPlatforms) = postSolution
		{1AF05B5A-F32A-4202-B013-C3C902CB26E2}.Ad-Hoc|Any CPU.ActiveCfg = Release|Any CPU
		{1AF05B5A-F32A-4202-B013-C3C902CB26E2}.Ad-Hoc|Any CPU.Build.0 = Release|Any CPU
		{1AF05B5A-F32A-4202-B013-C3C902CB26E2}.Ad-Hoc|Any CPU.Deploy.0 = Release|Any CPU
		{1AF05B5A-F32A-4202-B013-C3C902CB26E2}.Ad-Hoc|iPhone.ActiveCfg = Release|Any CPU
		{1AF05B5A-F32A-4202-B013-C3C902CB26E2}.Ad-Hoc|iPhone.Build.0 = Release|Any CPU
		{1AF05B5A-F32A-4202-B013-C3C902CB26E2}.Ad-Hoc|iPhone.Deploy.0 = Release|Any CPU
		{1AF05B5A-F32A-4202-B013-C3C902CB26E2}.Ad-Hoc|iPhoneSimulator.ActiveCfg = Release|Any CPU
		{1AF05B5A-F32A-4202-B013-C3C902CB26E2}.Ad-Hoc|iPhoneSimulator.Build.0 = Release|Any CPU
		{1AF05B5A-F32A-4202-B013-C3C902CB26E2}.Ad-Hoc|iPhoneSimulator.Deploy.0 = Release|Any CPU
		{1AF05B5A-F32A-4202-B013-C3C902CB26E2}.AppStore|Any CPU.ActiveCfg = Release|Any CPU
		{1AF05B5A-F32A-4202-B013-C3C902CB26E2}.AppStore|Any CPU.Build.0 = Release|Any CPU
		{1AF05B5A-F32A-4202-B013-C3C902CB26E2}.AppStore|Any CPU.Deploy.0 = Release|Any CPU
		{1AF05B5A-F32A-4202-B013-C3C902CB26E2}.AppStore|iPhone.ActiveCfg = Release|Any CPU
		{1AF05B5A-F32A-4202-B013-C3C902CB26E2}.AppStore|iPhone.Build.0 = Release|Any CPU
		{1AF05B5A-F32A-4202-B013-C3C902CB26E2}.AppStore|iPhone.Deploy.0 = Release|Any CPU
		{1AF05B5A-F32A-4202-B013-C3C902CB26E2}.AppStore|iPhoneSimulator.ActiveCfg = Release|Any CPU
		{1AF05B5A-F32A-4202-B013-C3C902CB26E2}.AppStore|iPhoneSimulator.Build.0 = Release|Any CPU
		{1AF05B5A-F32A-4202-B013-C3C902CB26E2}.AppStore|iPhoneSimulator.Deploy.0 = Release|Any CPU
		{1AF05B5A-F32A-4202-B013-C3C902CB26E2}.Debug|Any CPU.ActiveCfg = Debug|Any CPU
		{1AF05B5A-F32A-4202-B013-C3C902CB26E2}.Debug|Any CPU.Build.0 = Debug|Any CPU
		{1AF05B5A-F32A-4202-B013-C3C902CB26E2}.Debug|Any CPU.Deploy.0 = Debug|Any CPU
		{1AF05B5A-F32A-4202-B013-C3C902CB26E2}.Debug|iPhone.ActiveCfg = Debug|Any CPU
		{1AF05B5A-F32A-4202-B013-C3C902CB26E2}.Debug|iPhone.Build.0 = Debug|Any CPU
		{1AF05B5A-F32A-4202-B013-C3C902CB26E2}.Debug|iPhone.Deploy.0 = Debug|Any CPU
		{1AF05B5A-F32A-4202-B013-C3C902CB26E2}.Debug|iPhoneSimulator.ActiveCfg = Debug|Any CPU
		{1AF05B5A-F32A-4202-B013-C3C902CB26E2}.Debug|iPhoneSimulator.Build.0 = Debug|Any CPU
		{1AF05B5A-F32A-4202-B013-C3C902CB26E2}.Debug|iPhoneSimulator.Deploy.0 = Debug|Any CPU
		{1AF05B5A-F32A-4202-B013-C3C902CB26E2}.Release|Any CPU.ActiveCfg = Release|Any CPU
		{1AF05B5A-F32A-4202-B013-C3C902CB26E2}.Release|Any CPU.Build.0 = Release|Any CPU
		{1AF05B5A-F32A-4202-B013-C3C902CB26E2}.Release|Any CPU.Deploy.0 = Release|Any CPU
		{1AF05B5A-F32A-4202-B013-C3C902CB26E2}.Release|iPhone.ActiveCfg = Release|Any CPU
		{1AF05B5A-F32A-4202-B013-C3C902CB26E2}.Release|iPhone.Build.0 = Release|Any CPU
		{1AF05B5A-F32A-4202-B013-C3C902CB26E2}.Release|iPhone.Deploy.0 = Release|Any CPU
		{1AF05B5A-F32A-4202-B013-C3C902CB26E2}.Release|iPhoneSimulator.ActiveCfg = Release|Any CPU
		{1AF05B5A-F32A-4202-B013-C3C902CB26E2}.Release|iPhoneSimulator.Build.0 = Release|Any CPU
		{1AF05B5A-F32A-4202-B013-C3C902CB26E2}.Release|iPhoneSimulator.Deploy.0 = Release|Any CPU
		{1DE9BC2F-19B9-4701-BB76-576C7A91574D}.Ad-Hoc|Any CPU.ActiveCfg = Ad-Hoc|iPhone
		{1DE9BC2F-19B9-4701-BB76-576C7A91574D}.Ad-Hoc|Any CPU.Build.0 = Ad-Hoc|iPhone
		{1DE9BC2F-19B9-4701-BB76-576C7A91574D}.Ad-Hoc|Any CPU.Deploy.0 = Ad-Hoc|iPhone
		{1DE9BC2F-19B9-4701-BB76-576C7A91574D}.Ad-Hoc|iPhone.ActiveCfg = Ad-Hoc|iPhone
		{1DE9BC2F-19B9-4701-BB76-576C7A91574D}.Ad-Hoc|iPhone.Build.0 = Ad-Hoc|iPhone
		{1DE9BC2F-19B9-4701-BB76-576C7A91574D}.Ad-Hoc|iPhone.Deploy.0 = Ad-Hoc|iPhone
		{1DE9BC2F-19B9-4701-BB76-576C7A91574D}.Ad-Hoc|iPhoneSimulator.ActiveCfg = Ad-Hoc|iPhoneSimulator
		{1DE9BC2F-19B9-4701-BB76-576C7A91574D}.Ad-Hoc|iPhoneSimulator.Build.0 = Ad-Hoc|iPhoneSimulator
		{1DE9BC2F-19B9-4701-BB76-576C7A91574D}.Ad-Hoc|iPhoneSimulator.Deploy.0 = Ad-Hoc|iPhoneSimulator
		{1DE9BC2F-19B9-4701-BB76-576C7A91574D}.AppStore|Any CPU.ActiveCfg = AppStore|iPhone
		{1DE9BC2F-19B9-4701-BB76-576C7A91574D}.AppStore|Any CPU.Build.0 = AppStore|iPhone
		{1DE9BC2F-19B9-4701-BB76-576C7A91574D}.AppStore|Any CPU.Deploy.0 = AppStore|iPhone
		{1DE9BC2F-19B9-4701-BB76-576C7A91574D}.AppStore|iPhone.ActiveCfg = AppStore|iPhone
		{1DE9BC2F-19B9-4701-BB76-576C7A91574D}.AppStore|iPhone.Build.0 = AppStore|iPhone
		{1DE9BC2F-19B9-4701-BB76-576C7A91574D}.AppStore|iPhone.Deploy.0 = AppStore|iPhone
		{1DE9BC2F-19B9-4701-BB76-576C7A91574D}.AppStore|iPhoneSimulator.ActiveCfg = AppStore|iPhoneSimulator
		{1DE9BC2F-19B9-4701-BB76-576C7A91574D}.AppStore|iPhoneSimulator.Build.0 = AppStore|iPhoneSimulator
		{1DE9BC2F-19B9-4701-BB76-576C7A91574D}.AppStore|iPhoneSimulator.Deploy.0 = AppStore|iPhoneSimulator
		{1DE9BC2F-19B9-4701-BB76-576C7A91574D}.Debug|Any CPU.ActiveCfg = Debug|iPhoneSimulator
		{1DE9BC2F-19B9-4701-BB76-576C7A91574D}.Debug|Any CPU.Build.0 = Debug|iPhoneSimulator
		{1DE9BC2F-19B9-4701-BB76-576C7A91574D}.Debug|Any CPU.Deploy.0 = Debug|iPhoneSimulator
		{1DE9BC2F-19B9-4701-BB76-576C7A91574D}.Debug|iPhone.ActiveCfg = Debug|iPhone
		{1DE9BC2F-19B9-4701-BB76-576C7A91574D}.Debug|iPhone.Build.0 = Debug|iPhone
		{1DE9BC2F-19B9-4701-BB76-576C7A91574D}.Debug|iPhone.Deploy.0 = Debug|iPhone
		{1DE9BC2F-19B9-4701-BB76-576C7A91574D}.Debug|iPhoneSimulator.ActiveCfg = Debug|iPhoneSimulator
		{1DE9BC2F-19B9-4701-BB76-576C7A91574D}.Debug|iPhoneSimulator.Build.0 = Debug|iPhoneSimulator
		{1DE9BC2F-19B9-4701-BB76-576C7A91574D}.Debug|iPhoneSimulator.Deploy.0 = Debug|iPhoneSimulator
		{1DE9BC2F-19B9-4701-BB76-576C7A91574D}.Release|Any CPU.ActiveCfg = Release|iPhone
		{1DE9BC2F-19B9-4701-BB76-576C7A91574D}.Release|Any CPU.Build.0 = Release|iPhone
		{1DE9BC2F-19B9-4701-BB76-576C7A91574D}.Release|Any CPU.Deploy.0 = Release|iPhone
		{1DE9BC2F-19B9-4701-BB76-576C7A91574D}.Release|iPhone.ActiveCfg = Release|iPhone
		{1DE9BC2F-19B9-4701-BB76-576C7A91574D}.Release|iPhone.Build.0 = Release|iPhone
		{1DE9BC2F-19B9-4701-BB76-576C7A91574D}.Release|iPhone.Deploy.0 = Release|iPhone
		{1DE9BC2F-19B9-4701-BB76-576C7A91574D}.Release|iPhoneSimulator.ActiveCfg = Release|iPhoneSimulator
		{1DE9BC2F-19B9-4701-BB76-576C7A91574D}.Release|iPhoneSimulator.Build.0 = Release|iPhoneSimulator
		{1DE9BC2F-19B9-4701-BB76-576C7A91574D}.Release|iPhoneSimulator.Deploy.0 = Release|iPhoneSimulator
		{6EC5CE6B-1882-4FB9-8AF3-E2A4E44C5AE1}.Ad-Hoc|Any CPU.ActiveCfg = Debug|Any CPU
		{6EC5CE6B-1882-4FB9-8AF3-E2A4E44C5AE1}.Ad-Hoc|Any CPU.Build.0 = Debug|Any CPU
		{6EC5CE6B-1882-4FB9-8AF3-E2A4E44C5AE1}.Ad-Hoc|Any CPU.Deploy.0 = Debug|Any CPU
		{6EC5CE6B-1882-4FB9-8AF3-E2A4E44C5AE1}.Ad-Hoc|iPhone.ActiveCfg = Debug|Any CPU
		{6EC5CE6B-1882-4FB9-8AF3-E2A4E44C5AE1}.Ad-Hoc|iPhone.Build.0 = Debug|Any CPU
		{6EC5CE6B-1882-4FB9-8AF3-E2A4E44C5AE1}.Ad-Hoc|iPhone.Deploy.0 = Debug|Any CPU
		{6EC5CE6B-1882-4FB9-8AF3-E2A4E44C5AE1}.Ad-Hoc|iPhoneSimulator.ActiveCfg = Debug|Any CPU
		{6EC5CE6B-1882-4FB9-8AF3-E2A4E44C5AE1}.Ad-Hoc|iPhoneSimulator.Build.0 = Debug|Any CPU
		{6EC5CE6B-1882-4FB9-8AF3-E2A4E44C5AE1}.Ad-Hoc|iPhoneSimulator.Deploy.0 = Debug|Any CPU
		{6EC5CE6B-1882-4FB9-8AF3-E2A4E44C5AE1}.AppStore|Any CPU.ActiveCfg = Debug|Any CPU
		{6EC5CE6B-1882-4FB9-8AF3-E2A4E44C5AE1}.AppStore|Any CPU.Build.0 = Debug|Any CPU
		{6EC5CE6B-1882-4FB9-8AF3-E2A4E44C5AE1}.AppStore|Any CPU.Deploy.0 = Debug|Any CPU
		{6EC5CE6B-1882-4FB9-8AF3-E2A4E44C5AE1}.AppStore|iPhone.ActiveCfg = Debug|Any CPU
		{6EC5CE6B-1882-4FB9-8AF3-E2A4E44C5AE1}.AppStore|iPhone.Build.0 = Debug|Any CPU
		{6EC5CE6B-1882-4FB9-8AF3-E2A4E44C5AE1}.AppStore|iPhone.Deploy.0 = Debug|Any CPU
		{6EC5CE6B-1882-4FB9-8AF3-E2A4E44C5AE1}.AppStore|iPhoneSimulator.ActiveCfg = Debug|Any CPU
		{6EC5CE6B-1882-4FB9-8AF3-E2A4E44C5AE1}.AppStore|iPhoneSimulator.Build.0 = Debug|Any CPU
		{6EC5CE6B-1882-4FB9-8AF3-E2A4E44C5AE1}.AppStore|iPhoneSimulator.Deploy.0 = Debug|Any CPU
		{6EC5CE6B-1882-4FB9-8AF3-E2A4E44C5AE1}.Debug|Any CPU.ActiveCfg = Debug|Any CPU
		{6EC5CE6B-1882-4FB9-8AF3-E2A4E44C5AE1}.Debug|Any CPU.Build.0 = Debug|Any CPU
		{6EC5CE6B-1882-4FB9-8AF3-E2A4E44C5AE1}.Debug|Any CPU.Deploy.0 = Debug|Any CPU
		{6EC5CE6B-1882-4FB9-8AF3-E2A4E44C5AE1}.Debug|iPhone.ActiveCfg = Debug|Any CPU
		{6EC5CE6B-1882-4FB9-8AF3-E2A4E44C5AE1}.Debug|iPhone.Build.0 = Debug|Any CPU
		{6EC5CE6B-1882-4FB9-8AF3-E2A4E44C5AE1}.Debug|iPhone.Deploy.0 = Debug|Any CPU
		{6EC5CE6B-1882-4FB9-8AF3-E2A4E44C5AE1}.Debug|iPhoneSimulator.ActiveCfg = Debug|Any CPU
		{6EC5CE6B-1882-4FB9-8AF3-E2A4E44C5AE1}.Debug|iPhoneSimulator.Build.0 = Debug|Any CPU
		{6EC5CE6B-1882-4FB9-8AF3-E2A4E44C5AE1}.Debug|iPhoneSimulator.Deploy.0 = Debug|Any CPU
		{6EC5CE6B-1882-4FB9-8AF3-E2A4E44C5AE1}.Release|Any CPU.ActiveCfg = Release|Any CPU
		{6EC5CE6B-1882-4FB9-8AF3-E2A4E44C5AE1}.Release|Any CPU.Build.0 = Release|Any CPU
		{6EC5CE6B-1882-4FB9-8AF3-E2A4E44C5AE1}.Release|Any CPU.Deploy.0 = Release|Any CPU
		{6EC5CE6B-1882-4FB9-8AF3-E2A4E44C5AE1}.Release|iPhone.ActiveCfg = Release|Any CPU
		{6EC5CE6B-1882-4FB9-8AF3-E2A4E44C5AE1}.Release|iPhone.Build.0 = Release|Any CPU
		{6EC5CE6B-1882-4FB9-8AF3-E2A4E44C5AE1}.Release|iPhone.Deploy.0 = Release|Any CPU
		{6EC5CE6B-1882-4FB9-8AF3-E2A4E44C5AE1}.Release|iPhoneSimulator.ActiveCfg = Release|Any CPU
		{6EC5CE6B-1882-4FB9-8AF3-E2A4E44C5AE1}.Release|iPhoneSimulator.Build.0 = Release|Any CPU
		{6EC5CE6B-1882-4FB9-8AF3-E2A4E44C5AE1}.Release|iPhoneSimulator.Deploy.0 = Release|Any CPU
	EndGlobalSection
	GlobalSection(SolutionProperties) = preSolution
		HideSolutionNode = FALSE
	EndGlobalSection
	GlobalSection(ExtensibilityGlobals) = postSolution
		SolutionGuid = {0B455E0B-5F80-4587-A610-939C8F6268AD}
	EndGlobalSection
EndGlobal
